
Microsoft Visual Studio Solution File, Format Version 12.00
# Visual Studio Version 16
VisualStudioVersion = 16.0.30114.105
MinimumVisualStudioVersion = 10.0.40219.1
Project("{FAE04EC0-301F-11D3-BF4B-00C04F79EFBC}") = "TripPinUnchaseCoreAsyncClient", "TripPinUnchaseCoreAsyncClient\TripPinUnchaseCoreAsyncClient.csproj", "{9DEA36F7-60F0-4FED-868C-9C0AE0E5F3A5}"
EndProject
Global
	GlobalSection(SolutionConfigurationPlatforms) = preSolution
		Debug|Any CPU = Debug|Any CPU
		Release|Any CPU = Release|Any CPU
	EndGlobalSection
	GlobalSection(ProjectConfigurationPlatforms) = postSolution
		{9DEA36F7-60F0-4FED-868C-9C0AE0E5F3A5}.Debug|Any CPU.ActiveCfg = Debug|Any CPU
		{9DEA36F7-60F0-4FED-868C-9C0AE0E5F3A5}.Debug|Any CPU.Build.0 = Debug|Any CPU
		{9DEA36F7-60F0-4FED-868C-9C0AE0E5F3A5}.Release|Any CPU.ActiveCfg = Release|Any CPU
		{9DEA36F7-60F0-4FED-868C-9C0AE0E5F3A5}.Release|Any CPU.Build.0 = Release|Any CPU
	EndGlobalSection
	GlobalSection(SolutionProperties) = preSolution
		HideSolutionNode = FALSE
	EndGlobalSection
	GlobalSection(ExtensibilityGlobals) = postSolution
		SolutionGuid = {747ADB91-1CBF-4FC9-AB7C-1B4474D1D3F0}
	EndGlobalSection
EndGlobal
