
Microsoft Visual Studio Solution File, Format Version 12.00
# Visual Studio Version 16
VisualStudioVersion = 16.0.30717.126
MinimumVisualStudioVersion = 10.0.40219.1
Project("{FAE04EC0-301F-11D3-BF4B-00C04F79EFBC}") = "NorthwindServiceCoreClient", "NorthwindServiceCoreClient\NorthwindServiceCoreClient.csproj", "{A4A964F5-1751-4E59-92C4-4EB8AACC9259}"
EndProject
Global
	GlobalSection(SolutionConfigurationPlatforms) = preSolution
		Debug|Any CPU = Debug|Any CPU
		Release|Any CPU = Release|Any CPU
	EndGlobalSection
	GlobalSection(ProjectConfigurationPlatforms) = postSolution
		{A4A964F5-1751-4E59-92C4-4EB8AACC9259}.Debug|Any CPU.ActiveCfg = Debug|Any CPU
		{A4A964F5-1751-4E59-92C4-4EB8AACC9259}.Debug|Any CPU.Build.0 = Debug|Any CPU
		{A4A964F5-1751-4E59-92C4-4EB8AACC9259}.Release|Any CPU.ActiveCfg = Release|Any CPU
		{A4A964F5-1751-4E59-92C4-4EB8AACC9259}.Release|Any CPU.Build.0 = Release|Any CPU
	EndGlobalSection
	GlobalSection(SolutionProperties) = preSolution
		HideSolutionNode = FALSE
	EndGlobalSection
	GlobalSection(ExtensibilityGlobals) = postSolution
		SolutionGuid = {F8E5DD25-5901-431F-96A8-11EE353D39D1}
	EndGlobalSection
EndGlobal
